
Microsoft Visual Studio Solution File, Format Version 12.00
# Visual Studio 2013
VisualStudioVersion = 12.0.31101.0
MinimumVisualStudioVersion = 10.0.40219.1
Project("{FAE04EC0-301F-11D3-BF4B-00C04F79EFBC}") = "Bopscotch", "Bopscotch.csproj", "{288F1B95-261B-4AFB-9FCC-2EFB17A99C69}"
EndProject
Project("{FAE04EC0-301F-11D3-BF4B-00C04F79EFBC}") = "Core", "..\Core\Core.csproj", "{E8D5FF41-F41A-4666-B4EB-F04DF17BDE5D}"
EndProject
Project("{FAE04EC0-301F-11D3-BF4B-00C04F79EFBC}") = "MonoGame.Framework.Android", "..\..\MonoGame\MonoGame-develop\MonoGame.Framework\MonoGame.Framework.Android.csproj", "{BA9476CF-99BA-4D03-92F2-73D2C5E58883}"
EndProject
Global
	GlobalSection(SolutionConfigurationPlatforms) = preSolution
		Debug|Any CPU = Debug|Any CPU
		Release|Any CPU = Release|Any CPU
	EndGlobalSection
	GlobalSection(ProjectConfigurationPlatforms) = postSolution
		{288F1B95-261B-4AFB-9FCC-2EFB17A99C69}.Debug|Any CPU.ActiveCfg = Debug|Any CPU
		{288F1B95-261B-4AFB-9FCC-2EFB17A99C69}.Debug|Any CPU.Build.0 = Debug|Any CPU
		{288F1B95-261B-4AFB-9FCC-2EFB17A99C69}.Debug|Any CPU.Deploy.0 = Debug|Any CPU
		{288F1B95-261B-4AFB-9FCC-2EFB17A99C69}.Release|Any CPU.ActiveCfg = Release|Any CPU
		{288F1B95-261B-4AFB-9FCC-2EFB17A99C69}.Release|Any CPU.Build.0 = Release|Any CPU
		{288F1B95-261B-4AFB-9FCC-2EFB17A99C69}.Release|Any CPU.Deploy.0 = Release|Any CPU
		{E8D5FF41-F41A-4666-B4EB-F04DF17BDE5D}.Debug|Any CPU.ActiveCfg = Debug|Any CPU
		{E8D5FF41-F41A-4666-B4EB-F04DF17BDE5D}.Debug|Any CPU.Build.0 = Debug|Any CPU
		{E8D5FF41-F41A-4666-B4EB-F04DF17BDE5D}.Release|Any CPU.ActiveCfg = Release|Any CPU
		{E8D5FF41-F41A-4666-B4EB-F04DF17BDE5D}.Release|Any CPU.Build.0 = Release|Any CPU
		{BA9476CF-99BA-4D03-92F2-73D2C5E58883}.Debug|Any CPU.ActiveCfg = Debug|Any CPU
		{BA9476CF-99BA-4D03-92F2-73D2C5E58883}.Debug|Any CPU.Build.0 = Debug|Any CPU
		{BA9476CF-99BA-4D03-92F2-73D2C5E58883}.Release|Any CPU.ActiveCfg = Release|Any CPU
		{BA9476CF-99BA-4D03-92F2-73D2C5E58883}.Release|Any CPU.Build.0 = Release|Any CPU
	EndGlobalSection
	GlobalSection(SolutionProperties) = preSolution
		HideSolutionNode = FALSE
	EndGlobalSection
EndGlobal
